// !$*UTF8*$!
{
	archiveVersion = 1;
	classes = {
	};
	objectVersion = 55;
	objects = {

/* Begin PBXBuildFile section */
		8F1BC89010259BD60FE68AA3 /* Pods_SeniorProbApp.framework in Frameworks */ = {isa = PBXBuildFile; fileRef = 3F047A92B75F3B0A5053E7E9 /* Pods_SeniorProbApp.framework */; };
		951733FAF2EBAE47A45B79F2 /* Pods_SeniorProbApp_SeniorProbAppUITests.framework in Frameworks */ = {isa = PBXBuildFile; fileRef = 903A3739D2E7CEBBC287A35B /* Pods_SeniorProbApp_SeniorProbAppUITests.framework */; };
		A42B9BBC29A520810080611C /* AppDelegate.swift in Sources */ = {isa = PBXBuildFile; fileRef = A42B9BBB29A520810080611C /* AppDelegate.swift */; };
		A42B9BBE29A520810080611C /* SceneDelegate.swift in Sources */ = {isa = PBXBuildFile; fileRef = A42B9BBD29A520810080611C /* SceneDelegate.swift */; };
		A42B9BC329A520810080611C /* Main.storyboard in Resources */ = {isa = PBXBuildFile; fileRef = A42B9BC129A520810080611C /* Main.storyboard */; };
		A42B9BC529A520840080611C /* Assets.xcassets in Resources */ = {isa = PBXBuildFile; fileRef = A42B9BC429A520840080611C /* Assets.xcassets */; };
		A42B9BC829A520840080611C /* LaunchScreen.storyboard in Resources */ = {isa = PBXBuildFile; fileRef = A42B9BC629A520840080611C /* LaunchScreen.storyboard */; };
		A42B9BD329A520840080611C /* SeniorProbAppTests.swift in Sources */ = {isa = PBXBuildFile; fileRef = A42B9BD229A520840080611C /* SeniorProbAppTests.swift */; };
		A42B9BDD29A520840080611C /* SeniorProbAppUITests.swift in Sources */ = {isa = PBXBuildFile; fileRef = A42B9BDC29A520840080611C /* SeniorProbAppUITests.swift */; };
		A42B9BDF29A520840080611C /* SeniorProbAppUITestsLaunchTests.swift in Sources */ = {isa = PBXBuildFile; fileRef = A42B9BDE29A520840080611C /* SeniorProbAppUITestsLaunchTests.swift */; };
		A42B9BEE29A5215F0080611C /* FeedViewController.swift in Sources */ = {isa = PBXBuildFile; fileRef = A42B9BED29A5215F0080611C /* FeedViewController.swift */; };
		A42B9BF029A521870080611C /* LoginViewController.swift in Sources */ = {isa = PBXBuildFile; fileRef = A42B9BEF29A521870080611C /* LoginViewController.swift */; };
		A6AC9AB0791AF7328BE3BBE1 /* Pods_SeniorProbAppTests.framework in Frameworks */ = {isa = PBXBuildFile; fileRef = 877F78DBEFEEA5892086E37E /* Pods_SeniorProbAppTests.framework */; };
/* End PBXBuildFile section */

/* Begin PBXContainerItemProxy section */
		A42B9BCF29A520840080611C /* PBXContainerItemProxy */ = {
			isa = PBXContainerItemProxy;
			containerPortal = A42B9BB029A520810080611C /* Project object */;
			proxyType = 1;
			remoteGlobalIDString = A42B9BB729A520810080611C;
			remoteInfo = SeniorProbApp;
		};
		A42B9BD929A520840080611C /* PBXContainerItemProxy */ = {
			isa = PBXContainerItemProxy;
			containerPortal = A42B9BB029A520810080611C /* Project object */;
			proxyType = 1;
			remoteGlobalIDString = A42B9BB729A520810080611C;
			remoteInfo = SeniorProbApp;
		};
/* End PBXContainerItemProxy section */

/* Begin PBXFileReference section */
		3F047A92B75F3B0A5053E7E9 /* Pods_SeniorProbApp.framework */ = {isa = PBXFileReference; explicitFileType = wrapper.framework; includeInIndex = 0; path = Pods_SeniorProbApp.framework; sourceTree = BUILT_PRODUCTS_DIR; };
		4A42C6BEDDF44CF02874514B /* Pods-SeniorProbAppTests.release.xcconfig */ = {isa = PBXFileReference; includeInIndex = 1; lastKnownFileType = text.xcconfig; name = "Pods-SeniorProbAppTests.release.xcconfig"; path = "Target Support Files/Pods-SeniorProbAppTests/Pods-SeniorProbAppTests.release.xcconfig"; sourceTree = "<group>"; };
		4C10A3DD59B0D1842C24C7FF /* Pods-SeniorProbApp.release.xcconfig */ = {isa = PBXFileReference; includeInIndex = 1; lastKnownFileType = text.xcconfig; name = "Pods-SeniorProbApp.release.xcconfig"; path = "Target Support Files/Pods-SeniorProbApp/Pods-SeniorProbApp.release.xcconfig"; sourceTree = "<group>"; };
		5CB12B7ECEA73307A921FCBE /* Pods-SeniorProbApp-SeniorProbAppUITests.debug.xcconfig */ = {isa = PBXFileReference; includeInIndex = 1; lastKnownFileType = text.xcconfig; name = "Pods-SeniorProbApp-SeniorProbAppUITests.debug.xcconfig"; path = "Target Support Files/Pods-SeniorProbApp-SeniorProbAppUITests/Pods-SeniorProbApp-SeniorProbAppUITests.debug.xcconfig"; sourceTree = "<group>"; };
		72A61BB67D397CCC0CBC2EDB /* Pods-SeniorProbApp.debug.xcconfig */ = {isa = PBXFileReference; includeInIndex = 1; lastKnownFileType = text.xcconfig; name = "Pods-SeniorProbApp.debug.xcconfig"; path = "Target Support Files/Pods-SeniorProbApp/Pods-SeniorProbApp.debug.xcconfig"; sourceTree = "<group>"; };
		877F78DBEFEEA5892086E37E /* Pods_SeniorProbAppTests.framework */ = {isa = PBXFileReference; explicitFileType = wrapper.framework; includeInIndex = 0; path = Pods_SeniorProbAppTests.framework; sourceTree = BUILT_PRODUCTS_DIR; };
		903A3739D2E7CEBBC287A35B /* Pods_SeniorProbApp_SeniorProbAppUITests.framework */ = {isa = PBXFileReference; explicitFileType = wrapper.framework; includeInIndex = 0; path = Pods_SeniorProbApp_SeniorProbAppUITests.framework; sourceTree = BUILT_PRODUCTS_DIR; };
		A42B9BB829A520810080611C /* SeniorProbApp.app */ = {isa = PBXFileReference; explicitFileType = wrapper.application; includeInIndex = 0; path = SeniorProbApp.app; sourceTree = BUILT_PRODUCTS_DIR; };
		A42B9BBB29A520810080611C /* AppDelegate.swift */ = {isa = PBXFileReference; lastKnownFileType = sourcecode.swift; path = AppDelegate.swift; sourceTree = "<group>"; };
		A42B9BBD29A520810080611C /* SceneDelegate.swift */ = {isa = PBXFileReference; lastKnownFileType = sourcecode.swift; path = SceneDelegate.swift; sourceTree = "<group>"; };
		A42B9BC229A520810080611C /* Base */ = {isa = PBXFileReference; lastKnownFileType = file.storyboard; name = Base; path = Base.lproj/Main.storyboard; sourceTree = "<group>"; };
		A42B9BC429A520840080611C /* Assets.xcassets */ = {isa = PBXFileReference; lastKnownFileType = folder.assetcatalog; path = Assets.xcassets; sourceTree = "<group>"; };
		A42B9BC729A520840080611C /* Base */ = {isa = PBXFileReference; lastKnownFileType = file.storyboard; name = Base; path = Base.lproj/LaunchScreen.storyboard; sourceTree = "<group>"; };
		A42B9BC929A520840080611C /* Info.plist */ = {isa = PBXFileReference; lastKnownFileType = text.plist.xml; path = Info.plist; sourceTree = "<group>"; };
		A42B9BCE29A520840080611C /* SeniorProbAppTests.xctest */ = {isa = PBXFileReference; explicitFileType = wrapper.cfbundle; includeInIndex = 0; path = SeniorProbAppTests.xctest; sourceTree = BUILT_PRODUCTS_DIR; };
		A42B9BD229A520840080611C /* SeniorProbAppTests.swift */ = {isa = PBXFileReference; lastKnownFileType = sourcecode.swift; path = SeniorProbAppTests.swift; sourceTree = "<group>"; };
		A42B9BD829A520840080611C /* SeniorProbAppUITests.xctest */ = {isa = PBXFileReference; explicitFileType = wrapper.cfbundle; includeInIndex = 0; path = SeniorProbAppUITests.xctest; sourceTree = BUILT_PRODUCTS_DIR; };
		A42B9BDC29A520840080611C /* SeniorProbAppUITests.swift */ = {isa = PBXFileReference; lastKnownFileType = sourcecode.swift; path = SeniorProbAppUITests.swift; sourceTree = "<group>"; };
		A42B9BDE29A520840080611C /* SeniorProbAppUITestsLaunchTests.swift */ = {isa = PBXFileReference; lastKnownFileType = sourcecode.swift; path = SeniorProbAppUITestsLaunchTests.swift; sourceTree = "<group>"; };
		A42B9BED29A5215F0080611C /* FeedViewController.swift */ = {isa = PBXFileReference; lastKnownFileType = sourcecode.swift; path = FeedViewController.swift; sourceTree = "<group>"; };
		A42B9BEF29A521870080611C /* LoginViewController.swift */ = {isa = PBXFileReference; lastKnownFileType = sourcecode.swift; path = LoginViewController.swift; sourceTree = "<group>"; };
		AF69BD5D30327207489BF5EF /* Pods-SeniorProbAppTests.debug.xcconfig */ = {isa = PBXFileReference; includeInIndex = 1; lastKnownFileType = text.xcconfig; name = "Pods-SeniorProbAppTests.debug.xcconfig"; path = "Target Support Files/Pods-SeniorProbAppTests/Pods-SeniorProbAppTests.debug.xcconfig"; sourceTree = "<group>"; };
		C9464120AF1A49DE46FB4251 /* Pods-SeniorProbApp-SeniorProbAppUITests.release.xcconfig */ = {isa = PBXFileReference; includeInIndex = 1; lastKnownFileType = text.xcconfig; name = "Pods-SeniorProbApp-SeniorProbAppUITests.release.xcconfig"; path = "Target Support Files/Pods-SeniorProbApp-SeniorProbAppUITests/Pods-SeniorProbApp-SeniorProbAppUITests.release.xcconfig"; sourceTree = "<group>"; };
/* End PBXFileReference section */

/* Begin PBXFrameworksBuildPhase section */
		A42B9BB529A520810080611C /* Frameworks */ = {
			isa = PBXFrameworksBuildPhase;
			buildActionMask = 2147483647;
			files = (
				8F1BC89010259BD60FE68AA3 /* Pods_SeniorProbApp.framework in Frameworks */,
			);
			runOnlyForDeploymentPostprocessing = 0;
		};
		A42B9BCB29A520840080611C /* Frameworks */ = {
			isa = PBXFrameworksBuildPhase;
			buildActionMask = 2147483647;
			files = (
				A6AC9AB0791AF7328BE3BBE1 /* Pods_SeniorProbAppTests.framework in Frameworks */,
			);
			runOnlyForDeploymentPostprocessing = 0;
		};
		A42B9BD529A520840080611C /* Frameworks */ = {
			isa = PBXFrameworksBuildPhase;
			buildActionMask = 2147483647;
			files = (
				951733FAF2EBAE47A45B79F2 /* Pods_SeniorProbApp_SeniorProbAppUITests.framework in Frameworks */,
			);
			runOnlyForDeploymentPostprocessing = 0;
		};
/* End PBXFrameworksBuildPhase section */

/* Begin PBXGroup section */
		9A883BADF3728C714D93701F /* Pods */ = {
			isa = PBXGroup;
			children = (
				72A61BB67D397CCC0CBC2EDB /* Pods-SeniorProbApp.debug.xcconfig */,
				4C10A3DD59B0D1842C24C7FF /* Pods-SeniorProbApp.release.xcconfig */,
				5CB12B7ECEA73307A921FCBE /* Pods-SeniorProbApp-SeniorProbAppUITests.debug.xcconfig */,
				C9464120AF1A49DE46FB4251 /* Pods-SeniorProbApp-SeniorProbAppUITests.release.xcconfig */,
				AF69BD5D30327207489BF5EF /* Pods-SeniorProbAppTests.debug.xcconfig */,
				4A42C6BEDDF44CF02874514B /* Pods-SeniorProbAppTests.release.xcconfig */,
			);
			name = Pods;
			path = Pods;
			sourceTree = "<group>";
		};
		A42B9BAF29A520810080611C = {
			isa = PBXGroup;
			children = (
				A42B9BBA29A520810080611C /* SeniorProbApp */,
				A42B9BD129A520840080611C /* SeniorProbAppTests */,
				A42B9BDB29A520840080611C /* SeniorProbAppUITests */,
				A42B9BB929A520810080611C /* Products */,
				9A883BADF3728C714D93701F /* Pods */,
				CB344291240712E5367A030E /* Frameworks */,
			);
			sourceTree = "<group>";
		};
		A42B9BB929A520810080611C /* Products */ = {
			isa = PBXGroup;
			children = (
				A42B9BB829A520810080611C /* SeniorProbApp.app */,
				A42B9BCE29A520840080611C /* SeniorProbAppTests.xctest */,
				A42B9BD829A520840080611C /* SeniorProbAppUITests.xctest */,
			);
			name = Products;
			sourceTree = "<group>";
		};
		A42B9BBA29A520810080611C /* SeniorProbApp */ = {
			isa = PBXGroup;
			children = (
				A42B9BBB29A520810080611C /* AppDelegate.swift */,
				A42B9BBD29A520810080611C /* SceneDelegate.swift */,
				A42B9BC129A520810080611C /* Main.storyboard */,
				A42B9BC429A520840080611C /* Assets.xcassets */,
				A42B9BC629A520840080611C /* LaunchScreen.storyboard */,
				A42B9BC929A520840080611C /* Info.plist */,
				A42B9BEF29A521870080611C /* LoginViewController.swift */,
				A42B9BED29A5215F0080611C /* FeedViewController.swift */,
			);
			path = SeniorProbApp;
			sourceTree = "<group>";
		};
		A42B9BD129A520840080611C /* SeniorProbAppTests */ = {
			isa = PBXGroup;
			children = (
				A42B9BD229A520840080611C /* SeniorProbAppTests.swift */,
			);
			path = SeniorProbAppTests;
			sourceTree = "<group>";
		};
		A42B9BDB29A520840080611C /* SeniorProbAppUITests */ = {
			isa = PBXGroup;
			children = (
				A42B9BDC29A520840080611C /* SeniorProbAppUITests.swift */,
				A42B9BDE29A520840080611C /* SeniorProbAppUITestsLaunchTests.swift */,
			);
			path = SeniorProbAppUITests;
			sourceTree = "<group>";
		};
		CB344291240712E5367A030E /* Frameworks */ = {
			isa = PBXGroup;
			children = (
				3F047A92B75F3B0A5053E7E9 /* Pods_SeniorProbApp.framework */,
				903A3739D2E7CEBBC287A35B /* Pods_SeniorProbApp_SeniorProbAppUITests.framework */,
				877F78DBEFEEA5892086E37E /* Pods_SeniorProbAppTests.framework */,
			);
			name = Frameworks;
			sourceTree = "<group>";
		};
/* End PBXGroup section */

/* Begin PBXNativeTarget section */
		A42B9BB729A520810080611C /* SeniorProbApp */ = {
			isa = PBXNativeTarget;
			buildConfigurationList = A42B9BE229A520840080611C /* Build configuration list for PBXNativeTarget "SeniorProbApp" */;
			buildPhases = (
				15ACD3EBF9355993B353D30D /* [CP] Check Pods Manifest.lock */,
				A42B9BB429A520810080611C /* Sources */,
				A42B9BB529A520810080611C /* Frameworks */,
				A42B9BB629A520810080611C /* Resources */,
				8EC6FC2BF237B5E59C9B0E9A /* [CP] Embed Pods Frameworks */,
			);
			buildRules = (
			);
			dependencies = (
			);
			name = SeniorProbApp;
			productName = SeniorProbApp;
			productReference = A42B9BB829A520810080611C /* SeniorProbApp.app */;
			productType = "com.apple.product-type.application";
		};
		A42B9BCD29A520840080611C /* SeniorProbAppTests */ = {
			isa = PBXNativeTarget;
			buildConfigurationList = A42B9BE529A520840080611C /* Build configuration list for PBXNativeTarget "SeniorProbAppTests" */;
			buildPhases = (
				F46272C5A9514DE122C1970B /* [CP] Check Pods Manifest.lock */,
				A42B9BCA29A520840080611C /* Sources */,
				A42B9BCB29A520840080611C /* Frameworks */,
				A42B9BCC29A520840080611C /* Resources */,
			);
			buildRules = (
			);
			dependencies = (
				A42B9BD029A520840080611C /* PBXTargetDependency */,
			);
			name = SeniorProbAppTests;
			productName = SeniorProbAppTests;
			productReference = A42B9BCE29A520840080611C /* SeniorProbAppTests.xctest */;
			productType = "com.apple.product-type.bundle.unit-test";
		};
		A42B9BD729A520840080611C /* SeniorProbAppUITests */ = {
			isa = PBXNativeTarget;
			buildConfigurationList = A42B9BE829A520840080611C /* Build configuration list for PBXNativeTarget "SeniorProbAppUITests" */;
			buildPhases = (
				FB1320D7E203031E8D67C296 /* [CP] Check Pods Manifest.lock */,
				A42B9BD429A520840080611C /* Sources */,
				A42B9BD529A520840080611C /* Frameworks */,
				A42B9BD629A520840080611C /* Resources */,
				147EC3129A1A4BF2DF33387D /* [CP] Embed Pods Frameworks */,
			);
			buildRules = (
			);
			dependencies = (
				A42B9BDA29A520840080611C /* PBXTargetDependency */,
			);
			name = SeniorProbAppUITests;
			productName = SeniorProbAppUITests;
			productReference = A42B9BD829A520840080611C /* SeniorProbAppUITests.xctest */;
			productType = "com.apple.product-type.bundle.ui-testing";
		};
/* End PBXNativeTarget section */

/* Begin PBXProject section */
		A42B9BB029A520810080611C /* Project object */ = {
			isa = PBXProject;
			attributes = {
				BuildIndependentTargetsInParallel = 1;
				LastSwiftUpdateCheck = 1320;
				LastUpgradeCheck = 1320;
				TargetAttributes = {
					A42B9BB729A520810080611C = {
						CreatedOnToolsVersion = 13.2.1;
					};
					A42B9BCD29A520840080611C = {
						CreatedOnToolsVersion = 13.2.1;
						TestTargetID = A42B9BB729A520810080611C;
					};
					A42B9BD729A520840080611C = {
						CreatedOnToolsVersion = 13.2.1;
						TestTargetID = A42B9BB729A520810080611C;
					};
				};
			};
			buildConfigurationList = A42B9BB329A520810080611C /* Build configuration list for PBXProject "SeniorProbApp" */;
			compatibilityVersion = "Xcode 13.0";
			developmentRegion = en;
			hasScannedForEncodings = 0;
			knownRegions = (
				en,
				Base,
			);
			mainGroup = A42B9BAF29A520810080611C;
			productRefGroup = A42B9BB929A520810080611C /* Products */;
			projectDirPath = "";
			projectRoot = "";
			targets = (
				A42B9BB729A520810080611C /* SeniorProbApp */,
				A42B9BCD29A520840080611C /* SeniorProbAppTests */,
				A42B9BD729A520840080611C /* SeniorProbAppUITests */,
			);
		};
/* End PBXProject section */

/* Begin PBXResourcesBuildPhase section */
		A42B9BB629A520810080611C /* Resources */ = {
			isa = PBXResourcesBuildPhase;
			buildActionMask = 2147483647;
			files = (
				A42B9BC829A520840080611C /* LaunchScreen.storyboard in Resources */,
				A42B9BC529A520840080611C /* Assets.xcassets in Resources */,
				A42B9BC329A520810080611C /* Main.storyboard in Resources */,
			);
			runOnlyForDeploymentPostprocessing = 0;
		};
		A42B9BCC29A520840080611C /* Resources */ = {
			isa = PBXResourcesBuildPhase;
			buildActionMask = 2147483647;
			files = (
			);
			runOnlyForDeploymentPostprocessing = 0;
		};
		A42B9BD629A520840080611C /* Resources */ = {
			isa = PBXResourcesBuildPhase;
			buildActionMask = 2147483647;
			files = (
			);
			runOnlyForDeploymentPostprocessing = 0;
		};
/* End PBXResourcesBuildPhase section */

/* Begin PBXShellScriptBuildPhase section */
		147EC3129A1A4BF2DF33387D /* [CP] Embed Pods Frameworks */ = {
			isa = PBXShellScriptBuildPhase;
			buildActionMask = 2147483647;
			files = (
			);
			inputFileListPaths = (
				"${PODS_ROOT}/Target Support Files/Pods-SeniorProbApp-SeniorProbAppUITests/Pods-SeniorProbApp-SeniorProbAppUITests-frameworks-${CONFIGURATION}-input-files.xcfilelist",
			);
			name = "[CP] Embed Pods Frameworks";
			outputFileListPaths = (
				"${PODS_ROOT}/Target Support Files/Pods-SeniorProbApp-SeniorProbAppUITests/Pods-SeniorProbApp-SeniorProbAppUITests-frameworks-${CONFIGURATION}-output-files.xcfilelist",
			);
			runOnlyForDeploymentPostprocessing = 0;
			shellPath = /bin/sh;
			shellScript = "\"${PODS_ROOT}/Target Support Files/Pods-SeniorProbApp-SeniorProbAppUITests/Pods-SeniorProbApp-SeniorProbAppUITests-frameworks.sh\"\n";
			showEnvVarsInLog = 0;
		};
		15ACD3EBF9355993B353D30D /* [CP] Check Pods Manifest.lock */ = {
			isa = PBXShellScriptBuildPhase;
			buildActionMask = 2147483647;
			files = (
			);
			inputFileListPaths = (
			);
			inputPaths = (
				"${PODS_PODFILE_DIR_PATH}/Podfile.lock",
				"${PODS_ROOT}/Manifest.lock",
			);
			name = "[CP] Check Pods Manifest.lock";
			outputFileListPaths = (
			);
			outputPaths = (
				"$(DERIVED_FILE_DIR)/Pods-SeniorProbApp-checkManifestLockResult.txt",
			);
			runOnlyForDeploymentPostprocessing = 0;
			shellPath = /bin/sh;
			shellScript = "diff \"${PODS_PODFILE_DIR_PATH}/Podfile.lock\" \"${PODS_ROOT}/Manifest.lock\" > /dev/null\nif [ $? != 0 ] ; then\n    # print error to STDERR\n    echo \"error: The sandbox is not in sync with the Podfile.lock. Run 'pod install' or update your CocoaPods installation.\" >&2\n    exit 1\nfi\n# This output is used by Xcode 'outputs' to avoid re-running this script phase.\necho \"SUCCESS\" > \"${SCRIPT_OUTPUT_FILE_0}\"\n";
			showEnvVarsInLog = 0;
		};
		8EC6FC2BF237B5E59C9B0E9A /* [CP] Embed Pods Frameworks */ = {
			isa = PBXShellScriptBuildPhase;
			buildActionMask = 2147483647;
			files = (
			);
			inputFileListPaths = (
				"${PODS_ROOT}/Target Support Files/Pods-SeniorProbApp/Pods-SeniorProbApp-frameworks-${CONFIGURATION}-input-files.xcfilelist",
			);
			name = "[CP] Embed Pods Frameworks";
			outputFileListPaths = (
				"${PODS_ROOT}/Target Support Files/Pods-SeniorProbApp/Pods-SeniorProbApp-frameworks-${CONFIGURATION}-output-files.xcfilelist",
			);
			runOnlyForDeploymentPostprocessing = 0;
			shellPath = /bin/sh;
			shellScript = "\"${PODS_ROOT}/Target Support Files/Pods-SeniorProbApp/Pods-SeniorProbApp-frameworks.sh\"\n";
			showEnvVarsInLog = 0;
		};
		F46272C5A9514DE122C1970B /* [CP] Check Pods Manifest.lock */ = {
			isa = PBXShellScriptBuildPhase;
			buildActionMask = 2147483647;
			files = (
			);
			inputFileListPaths = (
			);
			inputPaths = (
				"${PODS_PODFILE_DIR_PATH}/Podfile.lock",
				"${PODS_ROOT}/Manifest.lock",
			);
			name = "[CP] Check Pods Manifest.lock";
			outputFileListPaths = (
			);
			outputPaths = (
				"$(DERIVED_FILE_DIR)/Pods-SeniorProbAppTests-checkManifestLockResult.txt",
			);
			runOnlyForDeploymentPostprocessing = 0;
			shellPath = /bin/sh;
			shellScript = "diff \"${PODS_PODFILE_DIR_PATH}/Podfile.lock\" \"${PODS_ROOT}/Manifest.lock\" > /dev/null\nif [ $? != 0 ] ; then\n    # print error to STDERR\n    echo \"error: The sandbox is not in sync with the Podfile.lock. Run 'pod install' or update your CocoaPods installation.\" >&2\n    exit 1\nfi\n# This output is used by Xcode 'outputs' to avoid re-running this script phase.\necho \"SUCCESS\" > \"${SCRIPT_OUTPUT_FILE_0}\"\n";
			showEnvVarsInLog = 0;
		};
		FB1320D7E203031E8D67C296 /* [CP] Check Pods Manifest.lock */ = {
			isa = PBXShellScriptBuildPhase;
			buildActionMask = 2147483647;
			files = (
			);
			inputFileListPaths = (
			);
			inputPaths = (
				"${PODS_PODFILE_DIR_PATH}/Podfile.lock",
				"${PODS_ROOT}/Manifest.lock",
			);
			name = "[CP] Check Pods Manifest.lock";
			outputFileListPaths = (
			);
			outputPaths = (
				"$(DERIVED_FILE_DIR)/Pods-SeniorProbApp-SeniorProbAppUITests-checkManifestLockResult.txt",
			);
			runOnlyForDeploymentPostprocessing = 0;
			shellPath = /bin/sh;
			shellScript = "diff \"${PODS_PODFILE_DIR_PATH}/Podfile.lock\" \"${PODS_ROOT}/Manifest.lock\" > /dev/null\nif [ $? != 0 ] ; then\n    # print error to STDERR\n    echo \"error: The sandbox is not in sync with the Podfile.lock. Run 'pod install' or update your CocoaPods installation.\" >&2\n    exit 1\nfi\n# This output is used by Xcode 'outputs' to avoid re-running this script phase.\necho \"SUCCESS\" > \"${SCRIPT_OUTPUT_FILE_0}\"\n";
			showEnvVarsInLog = 0;
		};
/* End PBXShellScriptBuildPhase section */

/* Begin PBXSourcesBuildPhase section */
		A42B9BB429A520810080611C /* Sources */ = {
			isa = PBXSourcesBuildPhase;
			buildActionMask = 2147483647;
			files = (
				A42B9BF029A521870080611C /* LoginViewController.swift in Sources */,
				A42B9BBC29A520810080611C /* AppDelegate.swift in Sources */,
				A42B9BEE29A5215F0080611C /* FeedViewController.swift in Sources */,
				A42B9BBE29A520810080611C /* SceneDelegate.swift in Sources */,
			);
			runOnlyForDeploymentPostprocessing = 0;
		};
		A42B9BCA29A520840080611C /* Sources */ = {
			isa = PBXSourcesBuildPhase;
			buildActionMask = 2147483647;
			files = (
				A42B9BD329A520840080611C /* SeniorProbAppTests.swift in Sources */,
			);
			runOnlyForDeploymentPostprocessing = 0;
		};
		A42B9BD429A520840080611C /* Sources */ = {
			isa = PBXSourcesBuildPhase;
			buildActionMask = 2147483647;
			files = (
				A42B9BDD29A520840080611C /* SeniorProbAppUITests.swift in Sources */,
				A42B9BDF29A520840080611C /* SeniorProbAppUITestsLaunchTests.swift in Sources */,
			);
			runOnlyForDeploymentPostprocessing = 0;
		};
/* End PBXSourcesBuildPhase section */

/* Begin PBXTargetDependency section */
		A42B9BD029A520840080611C /* PBXTargetDependency */ = {
			isa = PBXTargetDependency;
			target = A42B9BB729A520810080611C /* SeniorProbApp */;
			targetProxy = A42B9BCF29A520840080611C /* PBXContainerItemProxy */;
		};
		A42B9BDA29A520840080611C /* PBXTargetDependency */ = {
			isa = PBXTargetDependency;
			target = A42B9BB729A520810080611C /* SeniorProbApp */;
			targetProxy = A42B9BD929A520840080611C /* PBXContainerItemProxy */;
		};
/* End PBXTargetDependency section */

/* Begin PBXVariantGroup section */
		A42B9BC129A520810080611C /* Main.storyboard */ = {
			isa = PBXVariantGroup;
			children = (
				A42B9BC229A520810080611C /* Base */,
			);
			name = Main.storyboard;
			sourceTree = "<group>";
		};
		A42B9BC629A520840080611C /* LaunchScreen.storyboard */ = {
			isa = PBXVariantGroup;
			children = (
				A42B9BC729A520840080611C /* Base */,
			);
			name = LaunchScreen.storyboard;
			sourceTree = "<group>";
		};
/* End PBXVariantGroup section */

/* Begin XCBuildConfiguration section */
		A42B9BE029A520840080611C /* Debug */ = {
			isa = XCBuildConfiguration;
			buildSettings = {
				ALWAYS_SEARCH_USER_PATHS = NO;
				CLANG_ANALYZER_NONNULL = YES;
				CLANG_ANALYZER_NUMBER_OBJECT_CONVERSION = YES_AGGRESSIVE;
				CLANG_CXX_LANGUAGE_STANDARD = "gnu++17";
				CLANG_CXX_LIBRARY = "libc++";
				CLANG_ENABLE_MODULES = YES;
				CLANG_ENABLE_OBJC_ARC = YES;
				CLANG_ENABLE_OBJC_WEAK = YES;
				CLANG_WARN_BLOCK_CAPTURE_AUTORELEASING = YES;
				CLANG_WARN_BOOL_CONVERSION = YES;
				CLANG_WARN_COMMA = YES;
				CLANG_WARN_CONSTANT_CONVERSION = YES;
				CLANG_WARN_DEPRECATED_OBJC_IMPLEMENTATIONS = YES;
				CLANG_WARN_DIRECT_OBJC_ISA_USAGE = YES_ERROR;
				CLANG_WARN_DOCUMENTATION_COMMENTS = YES;
				CLANG_WARN_EMPTY_BODY = YES;
				CLANG_WARN_ENUM_CONVERSION = YES;
				CLANG_WARN_INFINITE_RECURSION = YES;
				CLANG_WARN_INT_CONVERSION = YES;
				CLANG_WARN_NON_LITERAL_NULL_CONVERSION = YES;
				CLANG_WARN_OBJC_IMPLICIT_RETAIN_SELF = YES;
				CLANG_WARN_OBJC_LITERAL_CONVERSION = YES;
				CLANG_WARN_OBJC_ROOT_CLASS = YES_ERROR;
				CLANG_WARN_QUOTED_INCLUDE_IN_FRAMEWORK_HEADER = YES;
				CLANG_WARN_RANGE_LOOP_ANALYSIS = YES;
				CLANG_WARN_STRICT_PROTOTYPES = YES;
				CLANG_WARN_SUSPICIOUS_MOVE = YES;
				CLANG_WARN_UNGUARDED_AVAILABILITY = YES_AGGRESSIVE;
				CLANG_WARN_UNREACHABLE_CODE = YES;
				CLANG_WARN__DUPLICATE_METHOD_MATCH = YES;
				COPY_PHASE_STRIP = NO;
				DEBUG_INFORMATION_FORMAT = dwarf;
				ENABLE_STRICT_OBJC_MSGSEND = YES;
				ENABLE_TESTABILITY = YES;
				GCC_C_LANGUAGE_STANDARD = gnu11;
				GCC_DYNAMIC_NO_PIC = NO;
				GCC_NO_COMMON_BLOCKS = YES;
				GCC_OPTIMIZATION_LEVEL = 0;
				GCC_PREPROCESSOR_DEFINITIONS = (
					"DEBUG=1",
					"$(inherited)",
				);
				GCC_WARN_64_TO_32_BIT_CONVERSION = YES;
				GCC_WARN_ABOUT_RETURN_TYPE = YES_ERROR;
				GCC_WARN_UNDECLARED_SELECTOR = YES;
				GCC_WARN_UNINITIALIZED_AUTOS = YES_AGGRESSIVE;
				GCC_WARN_UNUSED_FUNCTION = YES;
				GCC_WARN_UNUSED_VARIABLE = YES;
				IPHONEOS_DEPLOYMENT_TARGET = 15.2;
				MTL_ENABLE_DEBUG_INFO = INCLUDE_SOURCE;
				MTL_FAST_MATH = YES;
				ONLY_ACTIVE_ARCH = YES;
				SDKROOT = iphoneos;
				SWIFT_ACTIVE_COMPILATION_CONDITIONS = DEBUG;
				SWIFT_OPTIMIZATION_LEVEL = "-Onone";
			};
			name = Debug;
		};
		A42B9BE129A520840080611C /* Release */ = {
			isa = XCBuildConfiguration;
			buildSettings = {
				ALWAYS_SEARCH_USER_PATHS = NO;
				CLANG_ANALYZER_NONNULL = YES;
				CLANG_ANALYZER_NUMBER_OBJECT_CONVERSION = YES_AGGRESSIVE;
				CLANG_CXX_LANGUAGE_STANDARD = "gnu++17";
				CLANG_CXX_LIBRARY = "libc++";
				CLANG_ENABLE_MODULES = YES;
				CLANG_ENABLE_OBJC_ARC = YES;
				CLANG_ENABLE_OBJC_WEAK = YES;
				CLANG_WARN_BLOCK_CAPTURE_AUTORELEASING = YES;
				CLANG_WARN_BOOL_CONVERSION = YES;
				CLANG_WARN_COMMA = YES;
				CLANG_WARN_CONSTANT_CONVERSION = YES;
				CLANG_WARN_DEPRECATED_OBJC_IMPLEMENTATIONS = YES;
				CLANG_WARN_DIRECT_OBJC_ISA_USAGE = YES_ERROR;
				CLANG_WARN_DOCUMENTATION_COMMENTS = YES;
				CLANG_WARN_EMPTY_BODY = YES;
				CLANG_WARN_ENUM_CONVERSION = YES;
				CLANG_WARN_INFINITE_RECURSION = YES;
				CLANG_WARN_INT_CONVERSION = YES;
				CLANG_WARN_NON_LITERAL_NULL_CONVERSION = YES;
				CLANG_WARN_OBJC_IMPLICIT_RETAIN_SELF = YES;
				CLANG_WARN_OBJC_LITERAL_CONVERSION = YES;
				CLANG_WARN_OBJC_ROOT_CLASS = YES_ERROR;
				CLANG_WARN_QUOTED_INCLUDE_IN_FRAMEWORK_HEADER = YES;
				CLANG_WARN_RANGE_LOOP_ANALYSIS = YES;
				CLANG_WARN_STRICT_PROTOTYPES = YES;
				CLANG_WARN_SUSPICIOUS_MOVE = YES;
				CLANG_WARN_UNGUARDED_AVAILABILITY = YES_AGGRESSIVE;
				CLANG_WARN_UNREACHABLE_CODE = YES;
				CLANG_WARN__DUPLICATE_METHOD_MATCH = YES;
				COPY_PHASE_STRIP = NO;
				DEBUG_INFORMATION_FORMAT = "dwarf-with-dsym";
				ENABLE_NS_ASSERTIONS = NO;
				ENABLE_STRICT_OBJC_MSGSEND = YES;
				GCC_C_LANGUAGE_STANDARD = gnu11;
				GCC_NO_COMMON_BLOCKS = YES;
				GCC_WARN_64_TO_32_BIT_CONVERSION = YES;
				GCC_WARN_ABOUT_RETURN_TYPE = YES_ERROR;
				GCC_WARN_UNDECLARED_SELECTOR = YES;
				GCC_WARN_UNINITIALIZED_AUTOS = YES_AGGRESSIVE;
				GCC_WARN_UNUSED_FUNCTION = YES;
				GCC_WARN_UNUSED_VARIABLE = YES;
				IPHONEOS_DEPLOYMENT_TARGET = 15.2;
				MTL_ENABLE_DEBUG_INFO = NO;
				MTL_FAST_MATH = YES;
				SDKROOT = iphoneos;
				SWIFT_COMPILATION_MODE = wholemodule;
				SWIFT_OPTIMIZATION_LEVEL = "-O";
				VALIDATE_PRODUCT = YES;
			};
			name = Release;
		};
		A42B9BE329A520840080611C /* Debug */ = {
			isa = XCBuildConfiguration;
			baseConfigurationReference = 72A61BB67D397CCC0CBC2EDB /* Pods-SeniorProbApp.debug.xcconfig */;
			buildSettings = {
				ASSETCATALOG_COMPILER_APPICON_NAME = AppIcon;
				ASSETCATALOG_COMPILER_GLOBAL_ACCENT_COLOR_NAME = AccentColor;
				CODE_SIGN_STYLE = Automatic;
				CURRENT_PROJECT_VERSION = 1;
				DEVELOPMENT_TEAM = 5LT982YM77;
				GENERATE_INFOPLIST_FILE = YES;
				INFOPLIST_FILE = SeniorProbApp/Info.plist;
				INFOPLIST_KEY_UIApplicationSupportsIndirectInputEvents = YES;
				INFOPLIST_KEY_UILaunchStoryboardName = LaunchScreen;
				INFOPLIST_KEY_UIMainStoryboardFile = Main;
				INFOPLIST_KEY_UISupportedInterfaceOrientations_iPad = "UIInterfaceOrientationPortrait UIInterfaceOrientationPortraitUpsideDown UIInterfaceOrientationLandscapeLeft UIInterfaceOrientationLandscapeRight";
				INFOPLIST_KEY_UISupportedInterfaceOrientations_iPhone = "UIInterfaceOrientationPortrait UIInterfaceOrientationLandscapeLeft UIInterfaceOrientationLandscapeRight";
				LD_RUNPATH_SEARCH_PATHS = (
					"$(inherited)",
					"@executable_path/Frameworks",
				);
				MARKETING_VERSION = 1.0;
				PRODUCT_BUNDLE_IDENTIFIER = ChristopherDavis.SeniorProbApp;
				PRODUCT_NAME = "$(TARGET_NAME)";
				SWIFT_EMIT_LOC_STRINGS = YES;
				SWIFT_VERSION = 5.0;
				TARGETED_DEVICE_FAMILY = "1,2";
			};
			name = Debug;
		};
		A42B9BE429A520840080611C /* Release */ = {
			isa = XCBuildConfiguration;
			baseConfigurationReference = 4C10A3DD59B0D1842C24C7FF /* Pods-SeniorProbApp.release.xcconfig */;
			buildSettings = {
				ASSETCATALOG_COMPILER_APPICON_NAME = AppIcon;
				ASSETCATALOG_COMPILER_GLOBAL_ACCENT_COLOR_NAME = AccentColor;
				CODE_SIGN_STYLE = Automatic;
				CURRENT_PROJECT_VERSION = 1;
				DEVELOPMENT_TEAM = 5LT982YM77;
				GENERATE_INFOPLIST_FILE = YES;
				INFOPLIST_FILE = SeniorProbApp/Info.plist;
				INFOPLIST_KEY_UIApplicationSupportsIndirectInputEvents = YES;
				INFOPLIST_KEY_UILaunchStoryboardName = LaunchScreen;
				INFOPLIST_KEY_UIMainStoryboardFile = Main;
				INFOPLIST_KEY_UISupportedInterfaceOrientations_iPad = "UIInterfaceOrientationPortrait UIInterfaceOrientationPortraitUpsideDown UIInterfaceOrientationLandscapeLeft UIInterfaceOrientationLandscapeRight";
				INFOPLIST_KEY_UISupportedInterfaceOrientations_iPhone = "UIInterfaceOrientationPortrait UIInterfaceOrientationLandscapeLeft UIInterfaceOrientationLandscapeRight";
				LD_RUNPATH_SEARCH_PATHS = (
					"$(inherited)",
					"@executable_path/Frameworks",
				);
				MARKETING_VERSION = 1.0;
				PRODUCT_BUNDLE_IDENTIFIER = ChristopherDavis.SeniorProbApp;
				PRODUCT_NAME = "$(TARGET_NAME)";
				SWIFT_EMIT_LOC_STRINGS = YES;
				SWIFT_VERSION = 5.0;
				TARGETED_DEVICE_FAMILY = "1,2";
			};
			name = Release;
		};
		A42B9BE629A520840080611C /* Debug */ = {
			isa = XCBuildConfiguration;
			baseConfigurationReference = AF69BD5D30327207489BF5EF /* Pods-SeniorProbAppTests.debug.xcconfig */;
			buildSettings = {
				ALWAYS_EMBED_SWIFT_STANDARD_LIBRARIES = YES;
				BUNDLE_LOADER = "$(TEST_HOST)";
				CODE_SIGN_STYLE = Automatic;
				CURRENT_PROJECT_VERSION = 1;
				DEVELOPMENT_TEAM = 5LT982YM77;
				GENERATE_INFOPLIST_FILE = YES;
				IPHONEOS_DEPLOYMENT_TARGET = 15.2;
				MARKETING_VERSION = 1.0;
				PRODUCT_BUNDLE_IDENTIFIER = ChristopherDavis.SeniorProbAppTests;
				PRODUCT_NAME = "$(TARGET_NAME)";
				SWIFT_EMIT_LOC_STRINGS = NO;
				SWIFT_VERSION = 5.0;
				TARGETED_DEVICE_FAMILY = "1,2";
				TEST_HOST = "$(BUILT_PRODUCTS_DIR)/SeniorProbApp.app/SeniorProbApp";
			};
			name = Debug;
		};
		A42B9BE729A520840080611C /* Release */ = {
			isa = XCBuildConfiguration;
			baseConfigurationReference = 4A42C6BEDDF44CF02874514B /* Pods-SeniorProbAppTests.release.xcconfig */;
			buildSettings = {
				ALWAYS_EMBED_SWIFT_STANDARD_LIBRARIES = YES;
				BUNDLE_LOADER = "$(TEST_HOST)";
				CODE_SIGN_STYLE = Automatic;
				CURRENT_PROJECT_VERSION = 1;
				DEVELOPMENT_TEAM = 5LT982YM77;
				GENERATE_INFOPLIST_FILE = YES;
				IPHONEOS_DEPLOYMENT_TARGET = 15.2;
				MARKETING_VERSION = 1.0;
				PRODUCT_BUNDLE_IDENTIFIER = ChristopherDavis.SeniorProbAppTests;
				PRODUCT_NAME = "$(TARGET_NAME)";
				SWIFT_EMIT_LOC_STRINGS = NO;
				SWIFT_VERSION = 5.0;
				TARGETED_DEVICE_FAMILY = "1,2";
				TEST_HOST = "$(BUILT_PRODUCTS_DIR)/SeniorProbApp.app/SeniorProbApp";
			};
			name = Release;
		};
		A42B9BE929A520840080611C /* Debug */ = {
			isa = XCBuildConfiguration;
			baseConfigurationReference = 5CB12B7ECEA73307A921FCBE /* Pods-SeniorProbApp-SeniorProbAppUITests.debug.xcconfig */;
			buildSettings = {
				ALWAYS_EMBED_SWIFT_STANDARD_LIBRARIES = YES;
				CODE_SIGN_STYLE = Automatic;
				CURRENT_PROJECT_VERSION = 1;
				DEVELOPMENT_TEAM = 5LT982YM77;
				GENERATE_INFOPLIST_FILE = YES;
				MARKETING_VERSION = 1.0;
				PRODUCT_BUNDLE_IDENTIFIER = ChristopherDavis.SeniorProbAppUITests;
				PRODUCT_NAME = "$(TARGET_NAME)";
				SWIFT_EMIT_LOC_STRINGS = NO;
				SWIFT_VERSION = 5.0;
				TARGETED_DEVICE_FAMILY = "1,2";
				TEST_TARGET_NAME = SeniorProbApp;
			};
			name = Debug;
		};
		A42B9BEA29A520840080611C /* Release */ = {
			isa = XCBuildConfiguration;
			baseConfigurationReference = C9464120AF1A49DE46FB4251 /* Pods-SeniorProbApp-SeniorProbAppUITests.release.xcconfig */;
			buildSettings = {
				ALWAYS_EMBED_SWIFT_STANDARD_LIBRARIES = YES;
				CODE_SIGN_STYLE = Automatic;
				CURRENT_PROJECT_VERSION = 1;
				DEVELOPMENT_TEAM = 5LT982YM77;
				GENERATE_INFOPLIST_FILE = YES;
				MARKETING_VERSION = 1.0;
				PRODUCT_BUNDLE_IDENTIFIER = ChristopherDavis.SeniorProbAppUITests;
				PRODUCT_NAME = "$(TARGET_NAME)";
				SWIFT_EMIT_LOC_STRINGS = NO;
				SWIFT_VERSION = 5.0;
				TARGETED_DEVICE_FAMILY = "1,2";
				TEST_TARGET_NAME = SeniorProbApp;
			};
			name = Release;
		};
/* End XCBuildConfiguration section */

/* Begin XCConfigurationList section */
		A42B9BB329A520810080611C /* Build configuration list for PBXProject "SeniorProbApp" */ = {
			isa = XCConfigurationList;
			buildConfigurations = (
				A42B9BE029A520840080611C /* Debug */,
				A42B9BE129A520840080611C /* Release */,
			);
			defaultConfigurationIsVisible = 0;
			defaultConfigurationName = Release;
		};
		A42B9BE229A520840080611C /* Build configuration list for PBXNativeTarget "SeniorProbApp" */ = {
			isa = XCConfigurationList;
			buildConfigurations = (
				A42B9BE329A520840080611C /* Debug */,
				A42B9BE429A520840080611C /* Release */,
			);
			defaultConfigurationIsVisible = 0;
			defaultConfigurationName = Release;
		};
		A42B9BE529A520840080611C /* Build configuration list for PBXNativeTarget "SeniorProbAppTests" */ = {
			isa = XCConfigurationList;
			buildConfigurations = (
				A42B9BE629A520840080611C /* Debug */,
				A42B9BE729A520840080611C /* Release */,
			);
			defaultConfigurationIsVisible = 0;
			defaultConfigurationName = Release;
		};
		A42B9BE829A520840080611C /* Build configuration list for PBXNativeTarget "SeniorProbAppUITests" */ = {
			isa = XCConfigurationList;
			buildConfigurations = (
				A42B9BE929A520840080611C /* Debug */,
				A42B9BEA29A520840080611C /* Release */,
			);
			defaultConfigurationIsVisible = 0;
			defaultConfigurationName = Release;
		};
/* End XCConfigurationList section */
	};
	rootObject = A42B9BB029A520810080611C /* Project object */;
}
